// !$*UTF8*$!
{
	archiveVersion = 1;
	classes = {
	};
	objectVersion = 77;
	objects = {

/* Begin PBXContainerItemProxy section */
		EE1057512DCEA7BC003E3D9C /* PBXContainerItemProxy */ = {
			isa = PBXContainerItemProxy;
			containerPortal = EE1057382DCEA7BB003E3D9C /* Project object */;
			proxyType = 1;
			remoteGlobalIDString = EE10573F2DCEA7BB003E3D9C;
			remoteInfo = MetalRedSliver;
		};
		EE10575B2DCEA7BC003E3D9C /* PBXContainerItemProxy */ = {
			isa = PBXContainerItemProxy;
			containerPortal = EE1057382DCEA7BB003E3D9C /* Project object */;
			proxyType = 1;
			remoteGlobalIDString = EE10573F2DCEA7BB003E3D9C;
			remoteInfo = MetalRedSliver;
		};
/* End PBXContainerItemProxy section */

/* Begin PBXFileReference section */
		EE1057402DCEA7BB003E3D9C /* MetalRedSliver.app */ = {isa = PBXFileReference; explicitFileType = wrapper.application; includeInIndex = 0; path = MetalRedSliver.app; sourceTree = BUILT_PRODUCTS_DIR; };
		EE1057502DCEA7BC003E3D9C /* MetalRedSliverTests.xctest */ = {isa = PBXFileReference; explicitFileType = wrapper.cfbundle; includeInIndex = 0; path = MetalRedSliverTests.xctest; sourceTree = BUILT_PRODUCTS_DIR; };
		EE10575A2DCEA7BC003E3D9C /* MetalRedSliverUITests.xctest */ = {isa = PBXFileReference; explicitFileType = wrapper.cfbundle; includeInIndex = 0; path = MetalRedSliverUITests.xctest; sourceTree = BUILT_PRODUCTS_DIR; };
/* End PBXFileReference section */

/* Begin PBXFileSystemSynchronizedRootGroup section */
		EE1057422DCEA7BB003E3D9C /* MetalRedSliver */ = {
			isa = PBXFileSystemSynchronizedRootGroup;
			path = MetalRedSliver;
			sourceTree = "<group>";
		};
		EE1057532DCEA7BC003E3D9C /* MetalRedSliverTests */ = {
			isa = PBXFileSystemSynchronizedRootGroup;
			path = MetalRedSliverTests;
			sourceTree = "<group>";
		};
		EE10575D2DCEA7BC003E3D9C /* MetalRedSliverUITests */ = {
			isa = PBXFileSystemSynchronizedRootGroup;
			path = MetalRedSliverUITests;
			sourceTree = "<group>";
		};
/* End PBXFileSystemSynchronizedRootGroup section */

/* Begin PBXFrameworksBuildPhase section */
		EE10573D2DCEA7BB003E3D9C /* Frameworks */ = {
			isa = PBXFrameworksBuildPhase;
			buildActionMask = 2147483647;
			files = (
			);
			runOnlyForDeploymentPostprocessing = 0;
		};
		EE10574D2DCEA7BC003E3D9C /* Frameworks */ = {
			isa = PBXFrameworksBuildPhase;
			buildActionMask = 2147483647;
			files = (
			);
			runOnlyForDeploymentPostprocessing = 0;
		};
		EE1057572DCEA7BC003E3D9C /* Frameworks */ = {
			isa = PBXFrameworksBuildPhase;
			buildActionMask = 2147483647;
			files = (
			);
			runOnlyForDeploymentPostprocessing = 0;
		};
/* End PBXFrameworksBuildPhase section */

/* Begin PBXGroup section */
		EE1057372DCEA7BB003E3D9C = {
			isa = PBXGroup;
			children = (
				EE1057422DCEA7BB003E3D9C /* MetalRedSliver */,
				EE1057532DCEA7BC003E3D9C /* MetalRedSliverTests */,
				EE10575D2DCEA7BC003E3D9C /* MetalRedSliverUITests */,
				EE1057412DCEA7BB003E3D9C /* Products */,
			);
			sourceTree = "<group>";
		};
		EE1057412DCEA7BB003E3D9C /* Products */ = {
			isa = PBXGroup;
			children = (
				EE1057402DCEA7BB003E3D9C /* MetalRedSliver.app */,
				EE1057502DCEA7BC003E3D9C /* MetalRedSliverTests.xctest */,
				EE10575A2DCEA7BC003E3D9C /* MetalRedSliverUITests.xctest */,
			);
			name = Products;
			sourceTree = "<group>";
		};
/* End PBXGroup section */

/* Begin PBXNativeTarget section */
		EE10573F2DCEA7BB003E3D9C /* MetalRedSliver */ = {
			isa = PBXNativeTarget;
			buildConfigurationList = EE1057642DCEA7BC003E3D9C /* Build configuration list for PBXNativeTarget "MetalRedSliver" */;
			buildPhases = (
				EE10573C2DCEA7BB003E3D9C /* Sources */,
				EE10573D2DCEA7BB003E3D9C /* Frameworks */,
				EE10573E2DCEA7BB003E3D9C /* Resources */,
			);
			buildRules = (
			);
			dependencies = (
			);
			fileSystemSynchronizedGroups = (
				EE1057422DCEA7BB003E3D9C /* MetalRedSliver */,
			);
			name = MetalRedSliver;
			packageProductDependencies = (
			);
			productName = MetalRedSliver;
			productReference = EE1057402DCEA7BB003E3D9C /* MetalRedSliver.app */;
			productType = "com.apple.product-type.application";
		};
		EE10574F2DCEA7BC003E3D9C /* MetalRedSliverTests */ = {
			isa = PBXNativeTarget;
			buildConfigurationList = EE1057672DCEA7BC003E3D9C /* Build configuration list for PBXNativeTarget "MetalRedSliverTests" */;
			buildPhases = (
				EE10574C2DCEA7BC003E3D9C /* Sources */,
				EE10574D2DCEA7BC003E3D9C /* Frameworks */,
				EE10574E2DCEA7BC003E3D9C /* Resources */,
			);
			buildRules = (
			);
			dependencies = (
				EE1057522DCEA7BC003E3D9C /* PBXTargetDependency */,
			);
			fileSystemSynchronizedGroups = (
				EE1057532DCEA7BC003E3D9C /* MetalRedSliverTests */,
			);
			name = MetalRedSliverTests;
			packageProductDependencies = (
			);
			productName = MetalRedSliverTests;
			productReference = EE1057502DCEA7BC003E3D9C /* MetalRedSliverTests.xctest */;
			productType = "com.apple.product-type.bundle.unit-test";
		};
		EE1057592DCEA7BC003E3D9C /* MetalRedSliverUITests */ = {
			isa = PBXNativeTarget;
			buildConfigurationList = EE10576A2DCEA7BC003E3D9C /* Build configuration list for PBXNativeTarget "MetalRedSliverUITests" */;
			buildPhases = (
				EE1057562DCEA7BC003E3D9C /* Sources */,
				EE1057572DCEA7BC003E3D9C /* Frameworks */,
				EE1057582DCEA7BC003E3D9C /* Resources */,
			);
			buildRules = (
			);
			dependencies = (
				EE10575C2DCEA7BC003E3D9C /* PBXTargetDependency */,
			);
			fileSystemSynchronizedGroups = (
				EE10575D2DCEA7BC003E3D9C /* MetalRedSliverUITests */,
			);
			name = MetalRedSliverUITests;
			packageProductDependencies = (
			);
			productName = MetalRedSliverUITests;
			productReference = EE10575A2DCEA7BC003E3D9C /* MetalRedSliverUITests.xctest */;
			productType = "com.apple.product-type.bundle.ui-testing";
		};
/* End PBXNativeTarget section */

/* Begin PBXProject section */
		EE1057382DCEA7BB003E3D9C /* Project object */ = {
			isa = PBXProject;
			attributes = {
				BuildIndependentTargetsInParallel = 1;
				LastSwiftUpdateCheck = 1630;
				LastUpgradeCheck = 1630;
				TargetAttributes = {
					EE10573F2DCEA7BB003E3D9C = {
						CreatedOnToolsVersion = 16.3;
					};
					EE10574F2DCEA7BC003E3D9C = {
						CreatedOnToolsVersion = 16.3;
						TestTargetID = EE10573F2DCEA7BB003E3D9C;
					};
					EE1057592DCEA7BC003E3D9C = {
						CreatedOnToolsVersion = 16.3;
						TestTargetID = EE10573F2DCEA7BB003E3D9C;
					};
				};
			};
			buildConfigurationList = EE10573B2DCEA7BB003E3D9C /* Build configuration list for PBXProject "MetalRedSliver" */;
			developmentRegion = en;
			hasScannedForEncodings = 0;
			knownRegions = (
				en,
				Base,
			);
			mainGroup = EE1057372DCEA7BB003E3D9C;
			minimizedProjectReferenceProxies = 1;
			preferredProjectObjectVersion = 77;
			productRefGroup = EE1057412DCEA7BB003E3D9C /* Products */;
			projectDirPath = "";
			projectRoot = "";
			targets = (
				EE10573F2DCEA7BB003E3D9C /* MetalRedSliver */,
				EE10574F2DCEA7BC003E3D9C /* MetalRedSliverTests */,
				EE1057592DCEA7BC003E3D9C /* MetalRedSliverUITests */,
			);
		};
/* End PBXProject section */

/* Begin PBXResourcesBuildPhase section */
		EE10573E2DCEA7BB003E3D9C /* Resources */ = {
			isa = PBXResourcesBuildPhase;
			buildActionMask = 2147483647;
			files = (
			);
			runOnlyForDeploymentPostprocessing = 0;
		};
		EE10574E2DCEA7BC003E3D9C /* Resources */ = {
			isa = PBXResourcesBuildPhase;
			buildActionMask = 2147483647;
			files = (
			);
			runOnlyForDeploymentPostprocessing = 0;
		};
		EE1057582DCEA7BC003E3D9C /* Resources */ = {
			isa = PBXResourcesBuildPhase;
			buildActionMask = 2147483647;
			files = (
			);
			runOnlyForDeploymentPostprocessing = 0;
		};
/* End PBXResourcesBuildPhase section */

/* Begin PBXSourcesBuildPhase section */
		EE10573C2DCEA7BB003E3D9C /* Sources */ = {
			isa = PBXSourcesBuildPhase;
			buildActionMask = 2147483647;
			files = (
			);
			runOnlyForDeploymentPostprocessing = 0;
		};
		EE10574C2DCEA7BC003E3D9C /* Sources */ = {
			isa = PBXSourcesBuildPhase;
			buildActionMask = 2147483647;
			files = (
			);
			runOnlyForDeploymentPostprocessing = 0;
		};
		EE1057562DCEA7BC003E3D9C /* Sources */ = {
			isa = PBXSourcesBuildPhase;
			buildActionMask = 2147483647;
			files = (
			);
			runOnlyForDeploymentPostprocessing = 0;
		};
/* End PBXSourcesBuildPhase section */

/* Begin PBXTargetDependency section */
		EE1057522DCEA7BC003E3D9C /* PBXTargetDependency */ = {
			isa = PBXTargetDependency;
			target = EE10573F2DCEA7BB003E3D9C /* MetalRedSliver */;
			targetProxy = EE1057512DCEA7BC003E3D9C /* PBXContainerItemProxy */;
		};
		EE10575C2DCEA7BC003E3D9C /* PBXTargetDependency */ = {
			isa = PBXTargetDependency;
			target = EE10573F2DCEA7BB003E3D9C /* MetalRedSliver */;
			targetProxy = EE10575B2DCEA7BC003E3D9C /* PBXContainerItemProxy */;
		};
/* End PBXTargetDependency section */

/* Begin XCBuildConfiguration section */
		EE1057622DCEA7BC003E3D9C /* Debug */ = {
			isa = XCBuildConfiguration;
			buildSettings = {
				ALWAYS_SEARCH_USER_PATHS = NO;
				ASSETCATALOG_COMPILER_GENERATE_SWIFT_ASSET_SYMBOL_EXTENSIONS = YES;
				CLANG_ANALYZER_NONNULL = YES;
				CLANG_ANALYZER_NUMBER_OBJECT_CONVERSION = YES_AGGRESSIVE;
				CLANG_CXX_LANGUAGE_STANDARD = "gnu++20";
				CLANG_ENABLE_MODULES = YES;
				CLANG_ENABLE_OBJC_ARC = YES;
				CLANG_ENABLE_OBJC_WEAK = YES;
				CLANG_WARN_BLOCK_CAPTURE_AUTORELEASING = YES;
				CLANG_WARN_BOOL_CONVERSION = YES;
				CLANG_WARN_COMMA = YES;
				CLANG_WARN_CONSTANT_CONVERSION = YES;
				CLANG_WARN_DEPRECATED_OBJC_IMPLEMENTATIONS = YES;
				CLANG_WARN_DIRECT_OBJC_ISA_USAGE = YES_ERROR;
				CLANG_WARN_DOCUMENTATION_COMMENTS = YES;
				CLANG_WARN_EMPTY_BODY = YES;
				CLANG_WARN_ENUM_CONVERSION = YES;
				CLANG_WARN_INFINITE_RECURSION = YES;
				CLANG_WARN_INT_CONVERSION = YES;
				CLANG_WARN_NON_LITERAL_NULL_CONVERSION = YES;
				CLANG_WARN_OBJC_IMPLICIT_RETAIN_SELF = YES;
				CLANG_WARN_OBJC_LITERAL_CONVERSION = YES;
				CLANG_WARN_OBJC_ROOT_CLASS = YES_ERROR;
				CLANG_WARN_QUOTED_INCLUDE_IN_FRAMEWORK_HEADER = YES;
				CLANG_WARN_RANGE_LOOP_ANALYSIS = YES;
				CLANG_WARN_STRICT_PROTOTYPES = YES;
				CLANG_WARN_SUSPICIOUS_MOVE = YES;
				CLANG_WARN_UNGUARDED_AVAILABILITY = YES_AGGRESSIVE;
				CLANG_WARN_UNREACHABLE_CODE = YES;
				CLANG_WARN__DUPLICATE_METHOD_MATCH = YES;
				COPY_PHASE_STRIP = NO;
				DEBUG_INFORMATION_FORMAT = dwarf;
				DEVELOPMENT_TEAM = 74J633Z5G9;
				ENABLE_STRICT_OBJC_MSGSEND = YES;
				ENABLE_TESTABILITY = YES;
				ENABLE_USER_SCRIPT_SANDBOXING = YES;
				GCC_C_LANGUAGE_STANDARD = gnu17;
				GCC_DYNAMIC_NO_PIC = NO;
				GCC_NO_COMMON_BLOCKS = YES;
				GCC_OPTIMIZATION_LEVEL = 0;
				GCC_PREPROCESSOR_DEFINITIONS = (
					"DEBUG=1",
					"$(inherited)",
				);
				GCC_WARN_64_TO_32_BIT_CONVERSION = YES;
				GCC_WARN_ABOUT_RETURN_TYPE = YES_ERROR;
				GCC_WARN_UNDECLARED_SELECTOR = YES;
				GCC_WARN_UNINITIALIZED_AUTOS = YES_AGGRESSIVE;
				GCC_WARN_UNUSED_FUNCTION = YES;
				GCC_WARN_UNUSED_VARIABLE = YES;
				LOCALIZATION_PREFERS_STRING_CATALOGS = YES;
				MACOSX_DEPLOYMENT_TARGET = 15.4;
				MTL_ENABLE_DEBUG_INFO = INCLUDE_SOURCE;
				MTL_FAST_MATH = YES;
				ONLY_ACTIVE_ARCH = YES;
				SDKROOT = macosx;
				SWIFT_ACTIVE_COMPILATION_CONDITIONS = "DEBUG $(inherited)";
				SWIFT_OPTIMIZATION_LEVEL = "-Onone";
			};
			name = Debug;
		};
		EE1057632DCEA7BC003E3D9C /* Release */ = {
			isa = XCBuildConfiguration;
			buildSettings = {
				ALWAYS_SEARCH_USER_PATHS = NO;
				ASSETCATALOG_COMPILER_GENERATE_SWIFT_ASSET_SYMBOL_EXTENSIONS = YES;
				CLANG_ANALYZER_NONNULL = YES;
				CLANG_ANALYZER_NUMBER_OBJECT_CONVERSION = YES_AGGRESSIVE;
				CLANG_CXX_LANGUAGE_STANDARD = "gnu++20";
				CLANG_ENABLE_MODULES = YES;
				CLANG_ENABLE_OBJC_ARC = YES;
				CLANG_ENABLE_OBJC_WEAK = YES;
				CLANG_WARN_BLOCK_CAPTURE_AUTORELEASING = YES;
				CLANG_WARN_BOOL_CONVERSION = YES;
				CLANG_WARN_COMMA = YES;
				CLANG_WARN_CONSTANT_CONVERSION = YES;
				CLANG_WARN_DEPRECATED_OBJC_IMPLEMENTATIONS = YES;
				CLANG_WARN_DIRECT_OBJC_ISA_USAGE = YES_ERROR;
				CLANG_WARN_DOCUMENTATION_COMMENTS = YES;
				CLANG_WARN_EMPTY_BODY = YES;
				CLANG_WARN_ENUM_CONVERSION = YES;
				CLANG_WARN_INFINITE_RECURSION = YES;
				CLANG_WARN_INT_CONVERSION = YES;
				CLANG_WARN_NON_LITERAL_NULL_CONVERSION = YES;
				CLANG_WARN_OBJC_IMPLICIT_RETAIN_SELF = YES;
				CLANG_WARN_OBJC_LITERAL_CONVERSION = YES;
				CLANG_WARN_OBJC_ROOT_CLASS = YES_ERROR;
				CLANG_WARN_QUOTED_INCLUDE_IN_FRAMEWORK_HEADER = YES;
				CLANG_WARN_RANGE_LOOP_ANALYSIS = YES;
				CLANG_WARN_STRICT_PROTOTYPES = YES;
				CLANG_WARN_SUSPICIOUS_MOVE = YES;
				CLANG_WARN_UNGUARDED_AVAILABILITY = YES_AGGRESSIVE;
				CLANG_WARN_UNREACHABLE_CODE = YES;
				CLANG_WARN__DUPLICATE_METHOD_MATCH = YES;
				COPY_PHASE_STRIP = NO;
				DEBUG_INFORMATION_FORMAT = "dwarf-with-dsym";
				DEVELOPMENT_TEAM = 74J633Z5G9;
				ENABLE_NS_ASSERTIONS = NO;
				ENABLE_STRICT_OBJC_MSGSEND = YES;
				ENABLE_USER_SCRIPT_SANDBOXING = YES;
				GCC_C_LANGUAGE_STANDARD = gnu17;
				GCC_NO_COMMON_BLOCKS = YES;
				GCC_WARN_64_TO_32_BIT_CONVERSION = YES;
				GCC_WARN_ABOUT_RETURN_TYPE = YES_ERROR;
				GCC_WARN_UNDECLARED_SELECTOR = YES;
				GCC_WARN_UNINITIALIZED_AUTOS = YES_AGGRESSIVE;
				GCC_WARN_UNUSED_FUNCTION = YES;
				GCC_WARN_UNUSED_VARIABLE = YES;
				LOCALIZATION_PREFERS_STRING_CATALOGS = YES;
				MACOSX_DEPLOYMENT_TARGET = 15.4;
				MTL_ENABLE_DEBUG_INFO = NO;
				MTL_FAST_MATH = YES;
				SDKROOT = macosx;
				SWIFT_COMPILATION_MODE = wholemodule;
			};
			name = Release;
		};
		EE1057652DCEA7BC003E3D9C /* Debug */ = {
			isa = XCBuildConfiguration;
			buildSettings = {
				ASSETCATALOG_COMPILER_APPICON_NAME = AppIcon;
				ASSETCATALOG_COMPILER_GLOBAL_ACCENT_COLOR_NAME = AccentColor;
				CODE_SIGN_ENTITLEMENTS = MetalRedSliver/MetalRedSliver.entitlements;
				CODE_SIGN_STYLE = Automatic;
				COMBINE_HIDPI_IMAGES = YES;
				CURRENT_PROJECT_VERSION = 1;
				DEVELOPMENT_TEAM = 74J633Z5G9;
				ENABLE_HARDENED_RUNTIME = YES;
				ENABLE_PREVIEWS = YES;
				GENERATE_INFOPLIST_FILE = YES;
				INFOPLIST_KEY_NSHumanReadableCopyright = "";
				LD_RUNPATH_SEARCH_PATHS = (
					"$(inherited)",
					"@executable_path/../Frameworks",
				);
				MACOSX_DEPLOYMENT_TARGET = 14.0;
				MARKETING_VERSION = 1.0;
				PRODUCT_BUNDLE_IDENTIFIER = foxjazz.MetalRedSliver;
				PRODUCT_NAME = "$(TARGET_NAME)";
				REGISTER_APP_GROUPS = YES;
				SWIFT_EMIT_LOC_STRINGS = YES;
				SWIFT_VERSION = 5.0;
			};
			name = Debug;
		};
		EE1057662DCEA7BC003E3D9C /* Release */ = {
			isa = XCBuildConfiguration;
			buildSettings = {
				ASSETCATALOG_COMPILER_APPICON_NAME = AppIcon;
				ASSETCATALOG_COMPILER_GLOBAL_ACCENT_COLOR_NAME = AccentColor;
				CODE_SIGN_ENTITLEMENTS = MetalRedSliver/MetalRedSliver.entitlements;
				CODE_SIGN_STYLE = Automatic;
				COMBINE_HIDPI_IMAGES = YES;
				CURRENT_PROJECT_VERSION = 1;
				DEVELOPMENT_TEAM = 74J633Z5G9;
				ENABLE_HARDENED_RUNTIME = YES;
				ENABLE_PREVIEWS = YES;
				GENERATE_INFOPLIST_FILE = YES;
				INFOPLIST_KEY_NSHumanReadableCopyright = "";
				LD_RUNPATH_SEARCH_PATHS = (
					"$(inherited)",
					"@executable_path/../Frameworks",
				);
				MACOSX_DEPLOYMENT_TARGET = 14.0;
				MARKETING_VERSION = 1.0;
				PRODUCT_BUNDLE_IDENTIFIER = foxjazz.MetalRedSliver;
				PRODUCT_NAME = "$(TARGET_NAME)";
				REGISTER_APP_GROUPS = YES;
				SWIFT_EMIT_LOC_STRINGS = YES;
				SWIFT_VERSION = 5.0;
			};
			name = Release;
		};
		EE1057682DCEA7BC003E3D9C /* Debug */ = {
			isa = XCBuildConfiguration;
			buildSettings = {
				BUNDLE_LOADER = "$(TEST_HOST)";
				CODE_SIGN_STYLE = Automatic;
				CURRENT_PROJECT_VERSION = 1;
				DEVELOPMENT_TEAM = 74J633Z5G9;
				GENERATE_INFOPLIST_FILE = YES;
				MACOSX_DEPLOYMENT_TARGET = 14.0;
				MARKETING_VERSION = 1.0;
				PRODUCT_BUNDLE_IDENTIFIER = foxjazz.MetalRedSliverTests;
				PRODUCT_NAME = "$(TARGET_NAME)";
				SWIFT_EMIT_LOC_STRINGS = NO;
				SWIFT_VERSION = 5.0;
				TEST_HOST = "$(BUILT_PRODUCTS_DIR)/MetalRedSliver.app/$(BUNDLE_EXECUTABLE_FOLDER_PATH)/MetalRedSliver";
			};
			name = Debug;
		};
		EE1057692DCEA7BC003E3D9C /* Release */ = {
			isa = XCBuildConfiguration;
			buildSettings = {
				BUNDLE_LOADER = "$(TEST_HOST)";
				CODE_SIGN_STYLE = Automatic;
				CURRENT_PROJECT_VERSION = 1;
				DEVELOPMENT_TEAM = 74J633Z5G9;
				GENERATE_INFOPLIST_FILE = YES;
				MACOSX_DEPLOYMENT_TARGET = 14.0;
				MARKETING_VERSION = 1.0;
				PRODUCT_BUNDLE_IDENTIFIER = foxjazz.MetalRedSliverTests;
				PRODUCT_NAME = "$(TARGET_NAME)";
				SWIFT_EMIT_LOC_STRINGS = NO;
				SWIFT_VERSION = 5.0;
				TEST_HOST = "$(BUILT_PRODUCTS_DIR)/MetalRedSliver.app/$(BUNDLE_EXECUTABLE_FOLDER_PATH)/MetalRedSliver";
			};
			name = Release;
		};
		EE10576B2DCEA7BC003E3D9C /* Debug */ = {
			isa = XCBuildConfiguration;
			buildSettings = {
				CODE_SIGN_STYLE = Automatic;
				CURRENT_PROJECT_VERSION = 1;
				DEVELOPMENT_TEAM = 74J633Z5G9;
				GENERATE_INFOPLIST_FILE = YES;
				MARKETING_VERSION = 1.0;
				PRODUCT_BUNDLE_IDENTIFIER = foxjazz.MetalRedSliverUITests;
				PRODUCT_NAME = "$(TARGET_NAME)";
				SWIFT_EMIT_LOC_STRINGS = NO;
				SWIFT_VERSION = 5.0;
				TEST_TARGET_NAME = MetalRedSliver;
			};
			name = Debug;
		};
		EE10576C2DCEA7BC003E3D9C /* Release */ = {
			isa = XCBuildConfiguration;
			buildSettings = {
				CODE_SIGN_STYLE = Automatic;
				CURRENT_PROJECT_VERSION = 1;
				DEVELOPMENT_TEAM = 74J633Z5G9;
				GENERATE_INFOPLIST_FILE = YES;
				MARKETING_VERSION = 1.0;
				PRODUCT_BUNDLE_IDENTIFIER = foxjazz.MetalRedSliverUITests;
				PRODUCT_NAME = "$(TARGET_NAME)";
				SWIFT_EMIT_LOC_STRINGS = NO;
				SWIFT_VERSION = 5.0;
				TEST_TARGET_NAME = MetalRedSliver;
			};
			name = Release;
		};
/* End XCBuildConfiguration section */

/* Begin XCConfigurationList section */
		EE10573B2DCEA7BB003E3D9C /* Build configuration list for PBXProject "MetalRedSliver" */ = {
			isa = XCConfigurationList;
			buildConfigurations = (
				EE1057622DCEA7BC003E3D9C /* Debug */,
				EE1057632DCEA7BC003E3D9C /* Release */,
			);
			defaultConfigurationIsVisible = 0;
			defaultConfigurationName = Release;
		};
		EE1057642DCEA7BC003E3D9C /* Build configuration list for PBXNativeTarget "MetalRedSliver" */ = {
			isa = XCConfigurationList;
			buildConfigurations = (
				EE1057652DCEA7BC003E3D9C /* Debug */,
				EE1057662DCEA7BC003E3D9C /* Release */,
			);
			defaultConfigurationIsVisible = 0;
			defaultConfigurationName = Release;
		};
		EE1057672DCEA7BC003E3D9C /* Build configuration list for PBXNativeTarget "MetalRedSliverTests" */ = {
			isa = XCConfigurationList;
			buildConfigurations = (
				EE1057682DCEA7BC003E3D9C /* Debug */,
				EE1057692DCEA7BC003E3D9C /* Release */,
			);
			defaultConfigurationIsVisible = 0;
			defaultConfigurationName = Release;
		};
		EE10576A2DCEA7BC003E3D9C /* Build configuration list for PBXNativeTarget "MetalRedSliverUITests" */ = {
			isa = XCConfigurationList;
			buildConfigurations = (
				EE10576B2DCEA7BC003E3D9C /* Debug */,
				EE10576C2DCEA7BC003E3D9C /* Release */,
			);
			defaultConfigurationIsVisible = 0;
			defaultConfigurationName = Release;
		};
/* End XCConfigurationList section */
	};
	rootObject = EE1057382DCEA7BB003E3D9C /* Project object */;
}
